
Microsoft Visual Studio Solution File, Format Version 12.00
# Visual Studio Version 17
VisualStudioVersion = 17.8.34330.188
MinimumVisualStudioVersion = 10.0.40219.1
Project("{9A19103F-16F7-4668-BE54-9A1E7A4F7556}") = "aiExecBackend", "aiExecBackend.csproj", "{0DAA8943-B134-410E-97EA-E9B3C06D5177}"
EndProject
Project("{9A19103F-16F7-4668-BE54-9A1E7A4F7556}") = "Models", "..\Models\Models.csproj", "{C532294C-5ED8-4B89-8516-015FD7E97FCB}"
EndProject
Project("{FAE04EC0-301F-11D3-BF4B-00C04F79EFBC}") = "LocalExecution", "..\LocalCodeExecution\LocalExecution.csproj", "{06B15B44-6F05-4034-BCE6-CB26E5EABDCE}"
EndProject
Project("{2150E333-8FDC-42A3-9474-1A3956D46DE8}") = "Execution", "Execution", "{50203AF3-7218-4FEF-94B5-FF60C115CB3A}"
EndProject
Project("{FAE04EC0-301F-11D3-BF4B-00C04F79EFBC}") = "AbstractExecution", "..\AbstractExecution\AbstractExecution.csproj", "{6EE0EE70-6E78-4FF3-BC73-0F869141FA65}"
EndProject
Project("{2150E333-8FDC-42A3-9474-1A3956D46DE8}") = "Tests", "Tests", "{8EE31F64-8937-45D3-8F3E-5D33A3A2ED20}"
EndProject
Project("{FAE04EC0-301F-11D3-BF4B-00C04F79EFBC}") = "LocalExecutionTesting", "..\LocalExecutionTesting\LocalExecutionTesting.csproj", "{4C79F1EF-F95D-465D-9F20-0FDF23E83227}"
EndProject
Project("{2150E333-8FDC-42A3-9474-1A3956D46DE8}") = "CLI", "CLI", "{7AA12E8E-DF2B-4879-9F4C-21364CD78DFF}"
EndProject
Project("{FAE04EC0-301F-11D3-BF4B-00C04F79EFBC}") = "ExecutionEnvironmentTemplateCreator", "..\ExecutionEnvironmentTemplateCreator\ExecutionEnvironmentTemplateCreator.csproj", "{59D1C771-6F28-44D3-A9EF-C38EA040456A}"
EndProject
Project("{FAE04EC0-301F-11D3-BF4B-00C04F79EFBC}") = "FlyExecution", "..\FlyExecution\FlyExecution.csproj", "{1FBB7248-60DE-493D-802B-417E15DCB262}"
EndProject
Project("{2150E333-8FDC-42A3-9474-1A3956D46DE8}") = "AIResponseGetters", "AIResponseGetters", "{4C9AA790-EC40-4826-8207-A5792CF3BA60}"
EndProject
Project("{FAE04EC0-301F-11D3-BF4B-00C04F79EFBC}") = "OpenAIIntegration", "..\OpenAIIntegration\OpenAIIntegration.csproj", "{89C89944-087A-45D2-93E1-CEFD1F963307}"
EndProject
Project("{FAE04EC0-301F-11D3-BF4B-00C04F79EFBC}") = "CommonAI", "..\CommonAI\CommonAI.csproj", "{1DE6A2A3-630D-4F2E-A5A9-A753BF4E77A1}"
EndProject
Project("{FAE04EC0-301F-11D3-BF4B-00C04F79EFBC}") = "DTOs", "..\DTOs\DTOs.csproj", "{26A4423B-3762-4B84-9924-82565A443963}"
EndProject
Project("{2150E333-8FDC-42A3-9474-1A3956D46DE8}") = "EnvironmentBuilders", "EnvironmentBuilders", "{62896448-891E-42E3-AA2B-0CA759B05A57}"
EndProject
Project("{FAE04EC0-301F-11D3-BF4B-00C04F79EFBC}") = "UserEnvironmentBuilder", "..\UserEnvironmentBuilder\UserEnvironmentBuilder.csproj", "{DFD710AD-A6A3-4ECF-9749-DDA3B3BE950A}"
EndProject
Project("{FAE04EC0-301F-11D3-BF4B-00C04F79EFBC}") = "Tooling", "..\Tooling\Tooling.csproj", "{89177568-F104-420C-91EC-DCB3CC59DD06}"
EndProject
Global
	GlobalSection(SolutionConfigurationPlatforms) = preSolution
		Debug|Any CPU = Debug|Any CPU
		Release|Any CPU = Release|Any CPU
	EndGlobalSection
	GlobalSection(ProjectConfigurationPlatforms) = postSolution
		{0DAA8943-B134-410E-97EA-E9B3C06D5177}.Debug|Any CPU.ActiveCfg = Debug|Any CPU
		{0DAA8943-B134-410E-97EA-E9B3C06D5177}.Debug|Any CPU.Build.0 = Debug|Any CPU
		{0DAA8943-B134-410E-97EA-E9B3C06D5177}.Release|Any CPU.ActiveCfg = Release|Any CPU
		{0DAA8943-B134-410E-97EA-E9B3C06D5177}.Release|Any CPU.Build.0 = Release|Any CPU
		{C532294C-5ED8-4B89-8516-015FD7E97FCB}.Debug|Any CPU.ActiveCfg = Debug|Any CPU
		{C532294C-5ED8-4B89-8516-015FD7E97FCB}.Debug|Any CPU.Build.0 = Debug|Any CPU
		{C532294C-5ED8-4B89-8516-015FD7E97FCB}.Release|Any CPU.ActiveCfg = Release|Any CPU
		{C532294C-5ED8-4B89-8516-015FD7E97FCB}.Release|Any CPU.Build.0 = Release|Any CPU
		{06B15B44-6F05-4034-BCE6-CB26E5EABDCE}.Debug|Any CPU.ActiveCfg = Debug|Any CPU
		{06B15B44-6F05-4034-BCE6-CB26E5EABDCE}.Debug|Any CPU.Build.0 = Debug|Any CPU
		{06B15B44-6F05-4034-BCE6-CB26E5EABDCE}.Release|Any CPU.ActiveCfg = Release|Any CPU
		{06B15B44-6F05-4034-BCE6-CB26E5EABDCE}.Release|Any CPU.Build.0 = Release|Any CPU
		{6EE0EE70-6E78-4FF3-BC73-0F869141FA65}.Debug|Any CPU.ActiveCfg = Debug|Any CPU
		{6EE0EE70-6E78-4FF3-BC73-0F869141FA65}.Debug|Any CPU.Build.0 = Debug|Any CPU
		{6EE0EE70-6E78-4FF3-BC73-0F869141FA65}.Release|Any CPU.ActiveCfg = Release|Any CPU
		{6EE0EE70-6E78-4FF3-BC73-0F869141FA65}.Release|Any CPU.Build.0 = Release|Any CPU
		{4C79F1EF-F95D-465D-9F20-0FDF23E83227}.Debug|Any CPU.ActiveCfg = Debug|Any CPU
		{4C79F1EF-F95D-465D-9F20-0FDF23E83227}.Debug|Any CPU.Build.0 = Debug|Any CPU
		{4C79F1EF-F95D-465D-9F20-0FDF23E83227}.Release|Any CPU.ActiveCfg = Release|Any CPU
		{4C79F1EF-F95D-465D-9F20-0FDF23E83227}.Release|Any CPU.Build.0 = Release|Any CPU
		{59D1C771-6F28-44D3-A9EF-C38EA040456A}.Debug|Any CPU.ActiveCfg = Debug|Any CPU
		{59D1C771-6F28-44D3-A9EF-C38EA040456A}.Debug|Any CPU.Build.0 = Debug|Any CPU
		{59D1C771-6F28-44D3-A9EF-C38EA040456A}.Release|Any CPU.ActiveCfg = Release|Any CPU
		{59D1C771-6F28-44D3-A9EF-C38EA040456A}.Release|Any CPU.Build.0 = Release|Any CPU
		{1FBB7248-60DE-493D-802B-417E15DCB262}.Debug|Any CPU.ActiveCfg = Debug|Any CPU
		{1FBB7248-60DE-493D-802B-417E15DCB262}.Debug|Any CPU.Build.0 = Debug|Any CPU
		{1FBB7248-60DE-493D-802B-417E15DCB262}.Release|Any CPU.ActiveCfg = Release|Any CPU
		{1FBB7248-60DE-493D-802B-417E15DCB262}.Release|Any CPU.Build.0 = Release|Any CPU
		{89C89944-087A-45D2-93E1-CEFD1F963307}.Debug|Any CPU.ActiveCfg = Debug|Any CPU
		{89C89944-087A-45D2-93E1-CEFD1F963307}.Debug|Any CPU.Build.0 = Debug|Any CPU
		{89C89944-087A-45D2-93E1-CEFD1F963307}.Release|Any CPU.ActiveCfg = Release|Any CPU
		{89C89944-087A-45D2-93E1-CEFD1F963307}.Release|Any CPU.Build.0 = Release|Any CPU
		{1DE6A2A3-630D-4F2E-A5A9-A753BF4E77A1}.Debug|Any CPU.ActiveCfg = Debug|Any CPU
		{1DE6A2A3-630D-4F2E-A5A9-A753BF4E77A1}.Debug|Any CPU.Build.0 = Debug|Any CPU
		{1DE6A2A3-630D-4F2E-A5A9-A753BF4E77A1}.Release|Any CPU.ActiveCfg = Release|Any CPU
		{1DE6A2A3-630D-4F2E-A5A9-A753BF4E77A1}.Release|Any CPU.Build.0 = Release|Any CPU
		{26A4423B-3762-4B84-9924-82565A443963}.Debug|Any CPU.ActiveCfg = Debug|Any CPU
		{26A4423B-3762-4B84-9924-82565A443963}.Debug|Any CPU.Build.0 = Debug|Any CPU
		{26A4423B-3762-4B84-9924-82565A443963}.Release|Any CPU.ActiveCfg = Release|Any CPU
		{26A4423B-3762-4B84-9924-82565A443963}.Release|Any CPU.Build.0 = Release|Any CPU
		{DFD710AD-A6A3-4ECF-9749-DDA3B3BE950A}.Debug|Any CPU.ActiveCfg = Debug|Any CPU
		{DFD710AD-A6A3-4ECF-9749-DDA3B3BE950A}.Debug|Any CPU.Build.0 = Debug|Any CPU
		{DFD710AD-A6A3-4ECF-9749-DDA3B3BE950A}.Release|Any CPU.ActiveCfg = Release|Any CPU
		{DFD710AD-A6A3-4ECF-9749-DDA3B3BE950A}.Release|Any CPU.Build.0 = Release|Any CPU
		{89177568-F104-420C-91EC-DCB3CC59DD06}.Debug|Any CPU.ActiveCfg = Debug|Any CPU
		{89177568-F104-420C-91EC-DCB3CC59DD06}.Debug|Any CPU.Build.0 = Debug|Any CPU
		{89177568-F104-420C-91EC-DCB3CC59DD06}.Release|Any CPU.ActiveCfg = Release|Any CPU
		{89177568-F104-420C-91EC-DCB3CC59DD06}.Release|Any CPU.Build.0 = Release|Any CPU
	EndGlobalSection
	GlobalSection(SolutionProperties) = preSolution
		HideSolutionNode = FALSE
	EndGlobalSection
	GlobalSection(NestedProjects) = preSolution
		{06B15B44-6F05-4034-BCE6-CB26E5EABDCE} = {50203AF3-7218-4FEF-94B5-FF60C115CB3A}
		{6EE0EE70-6E78-4FF3-BC73-0F869141FA65} = {50203AF3-7218-4FEF-94B5-FF60C115CB3A}
		{4C79F1EF-F95D-465D-9F20-0FDF23E83227} = {8EE31F64-8937-45D3-8F3E-5D33A3A2ED20}
		{59D1C771-6F28-44D3-A9EF-C38EA040456A} = {7AA12E8E-DF2B-4879-9F4C-21364CD78DFF}
		{1FBB7248-60DE-493D-802B-417E15DCB262} = {50203AF3-7218-4FEF-94B5-FF60C115CB3A}
		{89C89944-087A-45D2-93E1-CEFD1F963307} = {4C9AA790-EC40-4826-8207-A5792CF3BA60}
		{1DE6A2A3-630D-4F2E-A5A9-A753BF4E77A1} = {4C9AA790-EC40-4826-8207-A5792CF3BA60}
		{DFD710AD-A6A3-4ECF-9749-DDA3B3BE950A} = {62896448-891E-42E3-AA2B-0CA759B05A57}
		{89177568-F104-420C-91EC-DCB3CC59DD06} = {62896448-891E-42E3-AA2B-0CA759B05A57}
	EndGlobalSection
	GlobalSection(ExtensibilityGlobals) = postSolution
		SolutionGuid = {C0BA9697-F439-46CC-9E40-F246742720C5}
	EndGlobalSection
EndGlobal
