
Microsoft Visual Studio Solution File, Format Version 12.00
# Visual Studio Version 17
VisualStudioVersion = 17.5.002.0
MinimumVisualStudioVersion = 10.0.40219.1
Project("{9A19103F-16F7-4668-BE54-9A1E7A4F7556}") = "Agent", "Agent.csproj", "{289C1F9D-22E1-447B-943E-243E5FEB35A6}"
EndProject
Global
	GlobalSection(SolutionConfigurationPlatforms) = preSolution
		Debug|Any CPU = Debug|Any CPU
		Release|Any CPU = Release|Any CPU
	EndGlobalSection
	GlobalSection(ProjectConfigurationPlatforms) = postSolution
		{289C1F9D-22E1-447B-943E-243E5FEB35A6}.Debug|Any CPU.ActiveCfg = Debug|Any CPU
		{289C1F9D-22E1-447B-943E-243E5FEB35A6}.Debug|Any CPU.Build.0 = Debug|Any CPU
		{289C1F9D-22E1-447B-943E-243E5FEB35A6}.Release|Any CPU.ActiveCfg = Release|Any CPU
		{289C1F9D-22E1-447B-943E-243E5FEB35A6}.Release|Any CPU.Build.0 = Release|Any CPU
		{5AB9A03C-4BCE-474D-94B7-3BD29DB9865A}.Debug|Any CPU.ActiveCfg = Debug|Any CPU
		{5AB9A03C-4BCE-474D-94B7-3BD29DB9865A}.Debug|Any CPU.Build.0 = Debug|Any CPU
		{5AB9A03C-4BCE-474D-94B7-3BD29DB9865A}.Release|Any CPU.ActiveCfg = Release|Any CPU
		{5AB9A03C-4BCE-474D-94B7-3BD29DB9865A}.Release|Any CPU.Build.0 = Release|Any CPU
	EndGlobalSection
	GlobalSection(SolutionProperties) = preSolution
		HideSolutionNode = FALSE
	EndGlobalSection
	GlobalSection(ExtensibilityGlobals) = postSolution
		SolutionGuid = {5922F956-1B62-4B0F-8D62-1F2F45AF79F9}
	EndGlobalSection
EndGlobal
